
Microsoft Visual Studio Solution File, Format Version 12.00
# Visual Studio 15
Project("{FAE04EC0-301F-11D3-BF4B-00C04F79EFBC}") = "dbsk7_2018", "dbsk7_2018\dbsk7_2018.csproj", "{75D1D20F-96D2-4427-B50C-7AC69B0CE3E9}"
EndProject
Global
	GlobalSection(SolutionConfigurationPlatforms) = preSolution
		Debug|Any CPU = Debug|Any CPU
		Release|Any CPU = Release|Any CPU
	EndGlobalSection
	GlobalSection(ProjectConfigurationPlatforms) = postSolution
		{75D1D20F-96D2-4427-B50C-7AC69B0CE3E9}.Debug|Any CPU.ActiveCfg = Debug|Any CPU
		{75D1D20F-96D2-4427-B50C-7AC69B0CE3E9}.Debug|Any CPU.Build.0 = Debug|Any CPU
		{75D1D20F-96D2-4427-B50C-7AC69B0CE3E9}.Release|Any CPU.ActiveCfg = Release|Any CPU
		{75D1D20F-96D2-4427-B50C-7AC69B0CE3E9}.Release|Any CPU.Build.0 = Release|Any CPU
	EndGlobalSection
EndGlobal
